// !$*UTF8*$!
{
	archiveVersion = 1;
	classes = {
	};
	objectVersion = 56;
	objects = {

/* Begin PBXBuildFile section */
		6B7E32AC286464B900C5F8BE /* AppDelegate.swift in Sources */ = {isa = PBXBuildFile; fileRef = 6B7E32AB286464B900C5F8BE /* AppDelegate.swift */; };
		6B7E32AE286464B900C5F8BE /* SceneDelegate.swift in Sources */ = {isa = PBXBuildFile; fileRef = 6B7E32AD286464B900C5F8BE /* SceneDelegate.swift */; };
		6B7E32B0286464B900C5F8BE /* TabBarController.swift in Sources */ = {isa = PBXBuildFile; fileRef = 6B7E32AF286464B900C5F8BE /* TabBarController.swift */; };
		6B7E32B5286464B900C5F8BE /* Assets.xcassets in Resources */ = {isa = PBXBuildFile; fileRef = 6B7E32B4286464B900C5F8BE /* Assets.xcassets */; };
		6B7E32B8286464B900C5F8BE /* LaunchScreen.storyboard in Resources */ = {isa = PBXBuildFile; fileRef = 6B7E32B6286464B900C5F8BE /* LaunchScreen.storyboard */; };
		6B7E32C3286558F900C5F8BE /* TabBarItem.swift in Sources */ = {isa = PBXBuildFile; fileRef = 6B7E32C2286558F900C5F8BE /* TabBarItem.swift */; };
		6B7E32C52865590C00C5F8BE /* TabBarView.swift in Sources */ = {isa = PBXBuildFile; fileRef = 6B7E32C42865590C00C5F8BE /* TabBarView.swift */; };
		6BFEF44228659F04006968E2 /* Tab.swift in Sources */ = {isa = PBXBuildFile; fileRef = 6BFEF44128659F04006968E2 /* Tab.swift */; };
		6BFEF444286852BD006968E2 /* HomeController.swift in Sources */ = {isa = PBXBuildFile; fileRef = 6BFEF443286852BD006968E2 /* HomeController.swift */; };
		6BFEF4462868A634006968E2 /* FavoriteController.swift in Sources */ = {isa = PBXBuildFile; fileRef = 6BFEF4452868A634006968E2 /* FavoriteController.swift */; };
		6BFEF4482868ABF0006968E2 /* TabBarItemCell.swift in Sources */ = {isa = PBXBuildFile; fileRef = 6BFEF4472868ABF0006968E2 /* TabBarItemCell.swift */; };
		6BFEF44A28693D89006968E2 /* NotificationController.swift in Sources */ = {isa = PBXBuildFile; fileRef = 6BFEF44928693D89006968E2 /* NotificationController.swift */; };
		6BFEF44C28693DC5006968E2 /* MeController.swift in Sources */ = {isa = PBXBuildFile; fileRef = 6BFEF44B28693DC5006968E2 /* MeController.swift */; };
/* End PBXBuildFile section */

/* Begin PBXFileReference section */
		6B7E32A8286464B900C5F8BE /* TabBarController.app */ = {isa = PBXFileReference; explicitFileType = wrapper.application; includeInIndex = 0; path = TabBarController.app; sourceTree = BUILT_PRODUCTS_DIR; };
		6B7E32AB286464B900C5F8BE /* AppDelegate.swift */ = {isa = PBXFileReference; lastKnownFileType = sourcecode.swift; path = AppDelegate.swift; sourceTree = "<group>"; };
		6B7E32AD286464B900C5F8BE /* SceneDelegate.swift */ = {isa = PBXFileReference; lastKnownFileType = sourcecode.swift; path = SceneDelegate.swift; sourceTree = "<group>"; };
		6B7E32AF286464B900C5F8BE /* TabBarController.swift */ = {isa = PBXFileReference; lastKnownFileType = sourcecode.swift; path = TabBarController.swift; sourceTree = "<group>"; };
		6B7E32B4286464B900C5F8BE /* Assets.xcassets */ = {isa = PBXFileReference; lastKnownFileType = folder.assetcatalog; path = Assets.xcassets; sourceTree = "<group>"; };
		6B7E32B7286464B900C5F8BE /* Base */ = {isa = PBXFileReference; lastKnownFileType = file.storyboard; name = Base; path = Base.lproj/LaunchScreen.storyboard; sourceTree = "<group>"; };
		6B7E32B9286464B900C5F8BE /* Info.plist */ = {isa = PBXFileReference; lastKnownFileType = text.plist.xml; path = Info.plist; sourceTree = "<group>"; };
		6B7E32C2286558F900C5F8BE /* TabBarItem.swift */ = {isa = PBXFileReference; lastKnownFileType = sourcecode.swift; path = TabBarItem.swift; sourceTree = "<group>"; };
		6B7E32C42865590C00C5F8BE /* TabBarView.swift */ = {isa = PBXFileReference; lastKnownFileType = sourcecode.swift; path = TabBarView.swift; sourceTree = "<group>"; };
		6BFEF44128659F04006968E2 /* Tab.swift */ = {isa = PBXFileReference; lastKnownFileType = sourcecode.swift; path = Tab.swift; sourceTree = "<group>"; };
		6BFEF443286852BD006968E2 /* HomeController.swift */ = {isa = PBXFileReference; lastKnownFileType = sourcecode.swift; path = HomeController.swift; sourceTree = "<group>"; };
		6BFEF4452868A634006968E2 /* FavoriteController.swift */ = {isa = PBXFileReference; lastKnownFileType = sourcecode.swift; path = FavoriteController.swift; sourceTree = "<group>"; };
		6BFEF4472868ABF0006968E2 /* TabBarItemCell.swift */ = {isa = PBXFileReference; lastKnownFileType = sourcecode.swift; path = TabBarItemCell.swift; sourceTree = "<group>"; };
		6BFEF44928693D89006968E2 /* NotificationController.swift */ = {isa = PBXFileReference; lastKnownFileType = sourcecode.swift; path = NotificationController.swift; sourceTree = "<group>"; };
		6BFEF44B28693DC5006968E2 /* MeController.swift */ = {isa = PBXFileReference; lastKnownFileType = sourcecode.swift; path = MeController.swift; sourceTree = "<group>"; };
/* End PBXFileReference section */

/* Begin PBXFrameworksBuildPhase section */
		6B7E32A5286464B900C5F8BE /* Frameworks */ = {
			isa = PBXFrameworksBuildPhase;
			buildActionMask = 2147483647;
			files = (
			);
			runOnlyForDeploymentPostprocessing = 0;
		};
/* End PBXFrameworksBuildPhase section */

/* Begin PBXGroup section */
		6B7E329F286464B900C5F8BE = {
			isa = PBXGroup;
			children = (
				6B7E32AA286464B900C5F8BE /* TabBarController */,
				6B7E32A9286464B900C5F8BE /* Products */,
			);
			sourceTree = "<group>";
		};
		6B7E32A9286464B900C5F8BE /* Products */ = {
			isa = PBXGroup;
			children = (
				6B7E32A8286464B900C5F8BE /* TabBarController.app */,
			);
			name = Products;
			sourceTree = "<group>";
		};
		6B7E32AA286464B900C5F8BE /* TabBarController */ = {
			isa = PBXGroup;
			children = (
				6B7E32C02864670000C5F8BE /* Models */,
				6B7E32BF286466FA00C5F8BE /* Views */,
				6B7E32C12864670F00C5F8BE /* Controllers */,
				6B7E32AB286464B900C5F8BE /* AppDelegate.swift */,
				6B7E32AD286464B900C5F8BE /* SceneDelegate.swift */,
				6B7E32B4286464B900C5F8BE /* Assets.xcassets */,
				6B7E32B6286464B900C5F8BE /* LaunchScreen.storyboard */,
				6B7E32B9286464B900C5F8BE /* Info.plist */,
			);
			path = TabBarController;
			sourceTree = "<group>";
		};
		6B7E32BF286466FA00C5F8BE /* Views */ = {
			isa = PBXGroup;
			children = (
				6B7E32C42865590C00C5F8BE /* TabBarView.swift */,
				6BFEF4472868ABF0006968E2 /* TabBarItemCell.swift */,
			);
			path = Views;
			sourceTree = "<group>";
		};
		6B7E32C02864670000C5F8BE /* Models */ = {
			isa = PBXGroup;
			children = (
				6BFEF44128659F04006968E2 /* Tab.swift */,
				6B7E32C2286558F900C5F8BE /* TabBarItem.swift */,
			);
			path = Models;
			sourceTree = "<group>";
		};
		6B7E32C12864670F00C5F8BE /* Controllers */ = {
			isa = PBXGroup;
			children = (
				6B7E32AF286464B900C5F8BE /* TabBarController.swift */,
				6BFEF443286852BD006968E2 /* HomeController.swift */,
				6BFEF4452868A634006968E2 /* FavoriteController.swift */,
				6BFEF44928693D89006968E2 /* NotificationController.swift */,
				6BFEF44B28693DC5006968E2 /* MeController.swift */,
			);
			path = Controllers;
			sourceTree = "<group>";
		};
/* End PBXGroup section */

/* Begin PBXNativeTarget section */
		6B7E32A7286464B900C5F8BE /* TabBarController */ = {
			isa = PBXNativeTarget;
			buildConfigurationList = 6B7E32BC286464B900C5F8BE /* Build configuration list for PBXNativeTarget "TabBarController" */;
			buildPhases = (
				6B7E32A4286464B900C5F8BE /* Sources */,
				6B7E32A5286464B900C5F8BE /* Frameworks */,
				6B7E32A6286464B900C5F8BE /* Resources */,
			);
			buildRules = (
			);
			dependencies = (
			);
			name = TabBarController;
			productName = TabBarController;
			productReference = 6B7E32A8286464B900C5F8BE /* TabBarController.app */;
			productType = "com.apple.product-type.application";
		};
/* End PBXNativeTarget section */

/* Begin PBXProject section */
		6B7E32A0286464B900C5F8BE /* Project object */ = {
			isa = PBXProject;
			attributes = {
				BuildIndependentTargetsInParallel = 1;
				LastSwiftUpdateCheck = 1400;
				LastUpgradeCheck = 1400;
				TargetAttributes = {
					6B7E32A7286464B900C5F8BE = {
						CreatedOnToolsVersion = 14.0;
					};
				};
			};
			buildConfigurationList = 6B7E32A3286464B900C5F8BE /* Build configuration list for PBXProject "TabBarController" */;
			compatibilityVersion = "Xcode 14.0";
			developmentRegion = en;
			hasScannedForEncodings = 0;
			knownRegions = (
				en,
				Base,
			);
			mainGroup = 6B7E329F286464B900C5F8BE;
			productRefGroup = 6B7E32A9286464B900C5F8BE /* Products */;
			projectDirPath = "";
			projectRoot = "";
			targets = (
				6B7E32A7286464B900C5F8BE /* TabBarController */,
			);
		};
/* End PBXProject section */

/* Begin PBXResourcesBuildPhase section */
		6B7E32A6286464B900C5F8BE /* Resources */ = {
			isa = PBXResourcesBuildPhase;
			buildActionMask = 2147483647;
			files = (
				6B7E32B8286464B900C5F8BE /* LaunchScreen.storyboard in Resources */,
				6B7E32B5286464B900C5F8BE /* Assets.xcassets in Resources */,
			);
			runOnlyForDeploymentPostprocessing = 0;
		};
/* End PBXResourcesBuildPhase section */

/* Begin PBXSourcesBuildPhase section */
		6B7E32A4286464B900C5F8BE /* Sources */ = {
			isa = PBXSourcesBuildPhase;
			buildActionMask = 2147483647;
			files = (
				6BFEF44A28693D89006968E2 /* NotificationController.swift in Sources */,
				6BFEF4482868ABF0006968E2 /* TabBarItemCell.swift in Sources */,
				6B7E32B0286464B900C5F8BE /* TabBarController.swift in Sources */,
				6B7E32AC286464B900C5F8BE /* AppDelegate.swift in Sources */,
				6BFEF444286852BD006968E2 /* HomeController.swift in Sources */,
				6B7E32C3286558F900C5F8BE /* TabBarItem.swift in Sources */,
				6BFEF44228659F04006968E2 /* Tab.swift in Sources */,
				6B7E32C52865590C00C5F8BE /* TabBarView.swift in Sources */,
				6B7E32AE286464B900C5F8BE /* SceneDelegate.swift in Sources */,
				6BFEF44C28693DC5006968E2 /* MeController.swift in Sources */,
				6BFEF4462868A634006968E2 /* FavoriteController.swift in Sources */,
			);
			runOnlyForDeploymentPostprocessing = 0;
		};
/* End PBXSourcesBuildPhase section */

/* Begin PBXVariantGroup section */
		6B7E32B6286464B900C5F8BE /* LaunchScreen.storyboard */ = {
			isa = PBXVariantGroup;
			children = (
				6B7E32B7286464B900C5F8BE /* Base */,
			);
			name = LaunchScreen.storyboard;
			sourceTree = "<group>";
		};
/* End PBXVariantGroup section */

/* Begin XCBuildConfiguration section */
		6B7E32BA286464B900C5F8BE /* Debug */ = {
			isa = XCBuildConfiguration;
			buildSettings = {
				ALWAYS_SEARCH_USER_PATHS = NO;
				CLANG_ANALYZER_NONNULL = YES;
				CLANG_ANALYZER_NUMBER_OBJECT_CONVERSION = YES_AGGRESSIVE;
				CLANG_CXX_LANGUAGE_STANDARD = "gnu++17";
				CLANG_ENABLE_MODULES = YES;
				CLANG_ENABLE_OBJC_ARC = YES;
				CLANG_ENABLE_OBJC_WEAK = YES;
				CLANG_WARN_BLOCK_CAPTURE_AUTORELEASING = YES;
				CLANG_WARN_BOOL_CONVERSION = YES;
				CLANG_WARN_COMMA = YES;
				CLANG_WARN_CONSTANT_CONVERSION = YES;
				CLANG_WARN_DEPRECATED_OBJC_IMPLEMENTATIONS = YES;
				CLANG_WARN_DIRECT_OBJC_ISA_USAGE = YES_ERROR;
				CLANG_WARN_DOCUMENTATION_COMMENTS = YES;
				CLANG_WARN_EMPTY_BODY = YES;
				CLANG_WARN_ENUM_CONVERSION = YES;
				CLANG_WARN_INFINITE_RECURSION = YES;
				CLANG_WARN_INT_CONVERSION = YES;
				CLANG_WARN_NON_LITERAL_NULL_CONVERSION = YES;
				CLANG_WARN_OBJC_IMPLICIT_RETAIN_SELF = YES;
				CLANG_WARN_OBJC_LITERAL_CONVERSION = YES;
				CLANG_WARN_OBJC_ROOT_CLASS = YES_ERROR;
				CLANG_WARN_QUOTED_INCLUDE_IN_FRAMEWORK_HEADER = YES;
				CLANG_WARN_RANGE_LOOP_ANALYSIS = YES;
				CLANG_WARN_STRICT_PROTOTYPES = YES;
				CLANG_WARN_SUSPICIOUS_MOVE = YES;
				CLANG_WARN_UNGUARDED_AVAILABILITY = YES_AGGRESSIVE;
				CLANG_WARN_UNREACHABLE_CODE = YES;
				CLANG_WARN__DUPLICATE_METHOD_MATCH = YES;
				COPY_PHASE_STRIP = NO;
				DEBUG_INFORMATION_FORMAT = dwarf;
				ENABLE_STRICT_OBJC_MSGSEND = YES;
				ENABLE_TESTABILITY = YES;
				GCC_C_LANGUAGE_STANDARD = gnu11;
				GCC_DYNAMIC_NO_PIC = NO;
				GCC_NO_COMMON_BLOCKS = YES;
				GCC_OPTIMIZATION_LEVEL = 0;
				GCC_PREPROCESSOR_DEFINITIONS = (
					"DEBUG=1",
					"$(inherited)",
				);
				GCC_WARN_64_TO_32_BIT_CONVERSION = YES;
				GCC_WARN_ABOUT_RETURN_TYPE = YES_ERROR;
				GCC_WARN_UNDECLARED_SELECTOR = YES;
				GCC_WARN_UNINITIALIZED_AUTOS = YES_AGGRESSIVE;
				GCC_WARN_UNUSED_FUNCTION = YES;
				GCC_WARN_UNUSED_VARIABLE = YES;
				IPHONEOS_DEPLOYMENT_TARGET = 16.0;
				MTL_ENABLE_DEBUG_INFO = INCLUDE_SOURCE;
				MTL_FAST_MATH = YES;
				ONLY_ACTIVE_ARCH = YES;
				SDKROOT = iphoneos;
				SWIFT_ACTIVE_COMPILATION_CONDITIONS = DEBUG;
				SWIFT_OPTIMIZATION_LEVEL = "-Onone";
			};
			name = Debug;
		};
		6B7E32BB286464B900C5F8BE /* Release */ = {
			isa = XCBuildConfiguration;
			buildSettings = {
				ALWAYS_SEARCH_USER_PATHS = NO;
				CLANG_ANALYZER_NONNULL = YES;
				CLANG_ANALYZER_NUMBER_OBJECT_CONVERSION = YES_AGGRESSIVE;
				CLANG_CXX_LANGUAGE_STANDARD = "gnu++17";
				CLANG_ENABLE_MODULES = YES;
				CLANG_ENABLE_OBJC_ARC = YES;
				CLANG_ENABLE_OBJC_WEAK = YES;
				CLANG_WARN_BLOCK_CAPTURE_AUTORELEASING = YES;
				CLANG_WARN_BOOL_CONVERSION = YES;
				CLANG_WARN_COMMA = YES;
				CLANG_WARN_CONSTANT_CONVERSION = YES;
				CLANG_WARN_DEPRECATED_OBJC_IMPLEMENTATIONS = YES;
				CLANG_WARN_DIRECT_OBJC_ISA_USAGE = YES_ERROR;
				CLANG_WARN_DOCUMENTATION_COMMENTS = YES;
				CLANG_WARN_EMPTY_BODY = YES;
				CLANG_WARN_ENUM_CONVERSION = YES;
				CLANG_WARN_INFINITE_RECURSION = YES;
				CLANG_WARN_INT_CONVERSION = YES;
				CLANG_WARN_NON_LITERAL_NULL_CONVERSION = YES;
				CLANG_WARN_OBJC_IMPLICIT_RETAIN_SELF = YES;
				CLANG_WARN_OBJC_LITERAL_CONVERSION = YES;
				CLANG_WARN_OBJC_ROOT_CLASS = YES_ERROR;
				CLANG_WARN_QUOTED_INCLUDE_IN_FRAMEWORK_HEADER = YES;
				CLANG_WARN_RANGE_LOOP_ANALYSIS = YES;
				CLANG_WARN_STRICT_PROTOTYPES = YES;
				CLANG_WARN_SUSPICIOUS_MOVE = YES;
				CLANG_WARN_UNGUARDED_AVAILABILITY = YES_AGGRESSIVE;
				CLANG_WARN_UNREACHABLE_CODE = YES;
				CLANG_WARN__DUPLICATE_METHOD_MATCH = YES;
				COPY_PHASE_STRIP = NO;
				DEBUG_INFORMATION_FORMAT = "dwarf-with-dsym";
				ENABLE_NS_ASSERTIONS = NO;
				ENABLE_STRICT_OBJC_MSGSEND = YES;
				GCC_C_LANGUAGE_STANDARD = gnu11;
				GCC_NO_COMMON_BLOCKS = YES;
				GCC_WARN_64_TO_32_BIT_CONVERSION = YES;
				GCC_WARN_ABOUT_RETURN_TYPE = YES_ERROR;
				GCC_WARN_UNDECLARED_SELECTOR = YES;
				GCC_WARN_UNINITIALIZED_AUTOS = YES_AGGRESSIVE;
				GCC_WARN_UNUSED_FUNCTION = YES;
				GCC_WARN_UNUSED_VARIABLE = YES;
				IPHONEOS_DEPLOYMENT_TARGET = 16.0;
				MTL_ENABLE_DEBUG_INFO = NO;
				MTL_FAST_MATH = YES;
				SDKROOT = iphoneos;
				SWIFT_COMPILATION_MODE = wholemodule;
				SWIFT_OPTIMIZATION_LEVEL = "-O";
				VALIDATE_PRODUCT = YES;
			};
			name = Release;
		};
		6B7E32BD286464B900C5F8BE /* Debug */ = {
			isa = XCBuildConfiguration;
			buildSettings = {
				ASSETCATALOG_COMPILER_APPICON_NAME = AppIcon;
				ASSETCATALOG_COMPILER_GLOBAL_ACCENT_COLOR_NAME = AccentColor;
				CODE_SIGN_STYLE = Automatic;
				CURRENT_PROJECT_VERSION = 1;
				DEVELOPMENT_TEAM = AT6DG5V7BC;
				GENERATE_INFOPLIST_FILE = YES;
				INFOPLIST_FILE = TabBarController/Info.plist;
				INFOPLIST_KEY_UIApplicationSupportsIndirectInputEvents = YES;
				INFOPLIST_KEY_UILaunchStoryboardName = LaunchScreen;
				INFOPLIST_KEY_UISupportedInterfaceOrientations_iPad = "UIInterfaceOrientationPortrait UIInterfaceOrientationPortraitUpsideDown UIInterfaceOrientationLandscapeLeft UIInterfaceOrientationLandscapeRight";
				INFOPLIST_KEY_UISupportedInterfaceOrientations_iPhone = "UIInterfaceOrientationPortrait UIInterfaceOrientationLandscapeLeft UIInterfaceOrientationLandscapeRight";
				LD_RUNPATH_SEARCH_PATHS = (
					"$(inherited)",
					"@executable_path/Frameworks",
				);
				MARKETING_VERSION = 1.0;
				PRODUCT_BUNDLE_IDENTIFIER = com.hollie.TabBarController;
				PRODUCT_NAME = "$(TARGET_NAME)";
				SWIFT_EMIT_LOC_STRINGS = YES;
				SWIFT_VERSION = 5.0;
				TARGETED_DEVICE_FAMILY = "1,2";
			};
			name = Debug;
		};
		6B7E32BE286464B900C5F8BE /* Release */ = {
			isa = XCBuildConfiguration;
			buildSettings = {
				ASSETCATALOG_COMPILER_APPICON_NAME = AppIcon;
				ASSETCATALOG_COMPILER_GLOBAL_ACCENT_COLOR_NAME = AccentColor;
				CODE_SIGN_STYLE = Automatic;
				CURRENT_PROJECT_VERSION = 1;
				DEVELOPMENT_TEAM = AT6DG5V7BC;
				GENERATE_INFOPLIST_FILE = YES;
				INFOPLIST_FILE = TabBarController/Info.plist;
				INFOPLIST_KEY_UIApplicationSupportsIndirectInputEvents = YES;
				INFOPLIST_KEY_UILaunchStoryboardName = LaunchScreen;
				INFOPLIST_KEY_UISupportedInterfaceOrientations_iPad = "UIInterfaceOrientationPortrait UIInterfaceOrientationPortraitUpsideDown UIInterfaceOrientationLandscapeLeft UIInterfaceOrientationLandscapeRight";
				INFOPLIST_KEY_UISupportedInterfaceOrientations_iPhone = "UIInterfaceOrientationPortrait UIInterfaceOrientationLandscapeLeft UIInterfaceOrientationLandscapeRight";
				LD_RUNPATH_SEARCH_PATHS = (
					"$(inherited)",
					"@executable_path/Frameworks",
				);
				MARKETING_VERSION = 1.0;
				PRODUCT_BUNDLE_IDENTIFIER = com.hollie.TabBarController;
				PRODUCT_NAME = "$(TARGET_NAME)";
				SWIFT_EMIT_LOC_STRINGS = YES;
				SWIFT_VERSION = 5.0;
				TARGETED_DEVICE_FAMILY = "1,2";
			};
			name = Release;
		};
/* End XCBuildConfiguration section */

/* Begin XCConfigurationList section */
		6B7E32A3286464B900C5F8BE /* Build configuration list for PBXProject "TabBarController" */ = {
			isa = XCConfigurationList;
			buildConfigurations = (
				6B7E32BA286464B900C5F8BE /* Debug */,
				6B7E32BB286464B900C5F8BE /* Release */,
			);
			defaultConfigurationIsVisible = 0;
			defaultConfigurationName = Release;
		};
		6B7E32BC286464B900C5F8BE /* Build configuration list for PBXNativeTarget "TabBarController" */ = {
			isa = XCConfigurationList;
			buildConfigurations = (
				6B7E32BD286464B900C5F8BE /* Debug */,
				6B7E32BE286464B900C5F8BE /* Release */,
			);
			defaultConfigurationIsVisible = 0;
			defaultConfigurationName = Release;
		};
/* End XCConfigurationList section */
	};
	rootObject = 6B7E32A0286464B900C5F8BE /* Project object */;
}
